
Microsoft Visual Studio Solution File, Format Version 12.00
# Visual Studio Version 17
VisualStudioVersion = 17.4.33103.184
MinimumVisualStudioVersion = 10.0.40219.1
Project("{FAE04EC0-301F-11D3-BF4B-00C04F79EFBC}") = "HelloWorldVs", "HelloWorldVs\HelloWorldVs.csproj", "{95AC4706-B548-4151-AB5F-D187D27F724A}"
EndProject
Global
	GlobalSection(SolutionConfigurationPlatforms) = preSolution
		Debug|Any CPU = Debug|Any CPU
		Release|Any CPU = Release|Any CPU
	EndGlobalSection
	GlobalSection(ProjectConfigurationPlatforms) = postSolution
		{95AC4706-B548-4151-AB5F-D187D27F724A}.Debug|Any CPU.ActiveCfg = Debug|Any CPU
		{95AC4706-B548-4151-AB5F-D187D27F724A}.Debug|Any CPU.Build.0 = Debug|Any CPU
		{95AC4706-B548-4151-AB5F-D187D27F724A}.Release|Any CPU.ActiveCfg = Release|Any CPU
		{95AC4706-B548-4151-AB5F-D187D27F724A}.Release|Any CPU.Build.0 = Release|Any CPU
	EndGlobalSection
	GlobalSection(SolutionProperties) = preSolution
		HideSolutionNode = FALSE
	EndGlobalSection
	GlobalSection(ExtensibilityGlobals) = postSolution
		SolutionGuid = {05137B04-4686-4670-92E8-67C4BCF01FFA}
	EndGlobalSection
EndGlobal
